<?xml version="1.0" encoding="utf-8"?>
<Project ToolsVersion="4.0" xmlns="http://schemas.microsoft.com/developer/msbuild/2003">
  <ItemGroup>
    <Filter Include="Zote">
      <UniqueIdentifier>{2751907C-1388-910D-BC74-7710A88A0D0F}</UniqueIdentifier>
    </Filter>
  </ItemGroup>
  <ItemGroup>
    <ClInclude Include="src\Zote.h" />
    <ClInclude Include="src\Zote\App.h">
      <Filter>Zote</Filter>
    </ClInclude>
    <ClInclude Include="src\Zote\Core.h">
      <Filter>Zote</Filter>
    </ClInclude>
    <ClInclude Include="src\Zote\EntryPoint.h">
      <Filter>Zote</Filter>
    </ClInclude>
    <ClInclude Include="src\Zote\Log.h">
      <Filter>Zote</Filter>
    </ClInclude>
    <ClInclude Include="src\ztpch.h" />
  </ItemGroup>
  <ItemGroup>
    <ClCompile Include="src\Zote\App.cpp">
      <Filter>Zote</Filter>
    </ClCompile>
    <ClCompile Include="src\Zote\Log.cpp">
      <Filter>Zote</Filter>
    </ClCompile>
    <ClCompile Include="src\ztpch.cpp" />
  </ItemGroup>
</Project>